// !$*UTF8*$!
{
	archiveVersion = 1;
	classes = {
	};
	objectVersion = 56;
	objects = {

/* Begin PBXBuildFile section */
		A67BBDDE293B56BC00312AAE /* landmarkApp.swift in Sources */ = {isa = PBXBuildFile; fileRef = A67BBDDD293B56BC00312AAE /* landmarkApp.swift */; };
		A67BBDE0293B56BC00312AAE /* ContentView.swift in Sources */ = {isa = PBXBuildFile; fileRef = A67BBDDF293B56BC00312AAE /* ContentView.swift */; };
		A67BBDE2293B56BE00312AAE /* Assets.xcassets in Resources */ = {isa = PBXBuildFile; fileRef = A67BBDE1293B56BE00312AAE /* Assets.xcassets */; };
		A67BBDE5293B56BE00312AAE /* Preview Assets.xcassets in Resources */ = {isa = PBXBuildFile; fileRef = A67BBDE4293B56BE00312AAE /* Preview Assets.xcassets */; };
		A67BBDEF293B56BE00312AAE /* landmarkTests.swift in Sources */ = {isa = PBXBuildFile; fileRef = A67BBDEE293B56BE00312AAE /* landmarkTests.swift */; };
		A67BBDF9293B56BE00312AAE /* landmarkUITests.swift in Sources */ = {isa = PBXBuildFile; fileRef = A67BBDF8293B56BE00312AAE /* landmarkUITests.swift */; };
		A67BBDFB293B56BE00312AAE /* landmarkUITestsLaunchTests.swift in Sources */ = {isa = PBXBuildFile; fileRef = A67BBDFA293B56BE00312AAE /* landmarkUITestsLaunchTests.swift */; };
		A67BBE09293B573000312AAE /* landmarkData.json in Resources */ = {isa = PBXBuildFile; fileRef = A67BBE08293B573000312AAE /* landmarkData.json */; };
		A67BBE0B293B57B600312AAE /* Landmark.swift in Sources */ = {isa = PBXBuildFile; fileRef = A67BBE0A293B57B600312AAE /* Landmark.swift */; };
		A67BBE24293B5C4C00312AAE /* ModelData.swift in Sources */ = {isa = PBXBuildFile; fileRef = A67BBE23293B5C4C00312AAE /* ModelData.swift */; };
		A67BBE29293B5F2700312AAE /* LandmarkRow.swift in Sources */ = {isa = PBXBuildFile; fileRef = A67BBE28293B5F2700312AAE /* LandmarkRow.swift */; };
		A67BBE2B293B62A100312AAE /* LandmarkList.swift in Sources */ = {isa = PBXBuildFile; fileRef = A67BBE2A293B62A100312AAE /* LandmarkList.swift */; };
		A67BBE2D293B647A00312AAE /* LandmarkDetail.swift in Sources */ = {isa = PBXBuildFile; fileRef = A67BBE2C293B647A00312AAE /* LandmarkDetail.swift */; };
		A67BBE2F293B64E700312AAE /* MapView.swift in Sources */ = {isa = PBXBuildFile; fileRef = A67BBE2E293B64E700312AAE /* MapView.swift */; };
		A67BBE31293B67C600312AAE /* CircleImage.swift in Sources */ = {isa = PBXBuildFile; fileRef = A67BBE30293B67C600312AAE /* CircleImage.swift */; };
		A67BBE35293B829B00312AAE /* LandmarkImage.swift in Sources */ = {isa = PBXBuildFile; fileRef = A67BBE34293B829B00312AAE /* LandmarkImage.swift */; };
		A67BBE3B293CC25300312AAE /* FavoriteButton.swift in Sources */ = {isa = PBXBuildFile; fileRef = A67BBE3A293CC25300312AAE /* FavoriteButton.swift */; };
		A67BBE3F293CD84000312AAE /* AppInfo.swift in Sources */ = {isa = PBXBuildFile; fileRef = A67BBE3E293CD84000312AAE /* AppInfo.swift */; };
		A67BBE43293CE9AD00312AAE /* HexagonParameters.swift in Sources */ = {isa = PBXBuildFile; fileRef = A67BBE42293CE9AD00312AAE /* HexagonParameters.swift */; };
		A67BBE45293CEE4D00312AAE /* BadgeBackground.swift in Sources */ = {isa = PBXBuildFile; fileRef = A67BBE44293CEE4D00312AAE /* BadgeBackground.swift */; };
		A67BBE47293CF64700312AAE /* BadgeSymbol.swift in Sources */ = {isa = PBXBuildFile; fileRef = A67BBE46293CF64700312AAE /* BadgeSymbol.swift */; };
		A67BBE49293D1B8600312AAE /* RotatedBadgeSymbol.swift in Sources */ = {isa = PBXBuildFile; fileRef = A67BBE48293D1B8600312AAE /* RotatedBadgeSymbol.swift */; };
		A67BBE4B293D1CC900312AAE /* Badge.swift in Sources */ = {isa = PBXBuildFile; fileRef = A67BBE4A293D1CC900312AAE /* Badge.swift */; };
		A6F638002944BC1D00243EB6 /* CategoryHome.swift in Sources */ = {isa = PBXBuildFile; fileRef = A6F637FF2944BC1D00243EB6 /* CategoryHome.swift */; };
		A6F638022944CB5400243EB6 /* CategoryRow.swift in Sources */ = {isa = PBXBuildFile; fileRef = A6F638012944CB5400243EB6 /* CategoryRow.swift */; };
		A6F638042944D44000243EB6 /* CategoryItem.swift in Sources */ = {isa = PBXBuildFile; fileRef = A6F638032944D44000243EB6 /* CategoryItem.swift */; };
		A6FCF2F5294493FD00E9B749 /* hikeData.json in Resources */ = {isa = PBXBuildFile; fileRef = A6FCF2F4294493FD00E9B749 /* hikeData.json */; };
		A6FCF2F72944942600E9B749 /* Hike.swift in Sources */ = {isa = PBXBuildFile; fileRef = A6FCF2F62944942600E9B749 /* Hike.swift */; };
		A6FCF2FD29449A5A00E9B749 /* GraphCapsule.swift in Sources */ = {isa = PBXBuildFile; fileRef = A6FCF2F929449A5A00E9B749 /* GraphCapsule.swift */; };
		A6FCF2FE29449A5A00E9B749 /* HikeGraph.swift in Sources */ = {isa = PBXBuildFile; fileRef = A6FCF2FA29449A5A00E9B749 /* HikeGraph.swift */; };
		A6FCF2FF29449A5A00E9B749 /* HikeDetail.swift in Sources */ = {isa = PBXBuildFile; fileRef = A6FCF2FB29449A5A00E9B749 /* HikeDetail.swift */; };
		A6FCF30029449A5A00E9B749 /* HikeView.swift in Sources */ = {isa = PBXBuildFile; fileRef = A6FCF2FC29449A5A00E9B749 /* HikeView.swift */; };
/* End PBXBuildFile section */

/* Begin PBXContainerItemProxy section */
		A67BBDEB293B56BE00312AAE /* PBXContainerItemProxy */ = {
			isa = PBXContainerItemProxy;
			containerPortal = A67BBDD2293B56BC00312AAE /* Project object */;
			proxyType = 1;
			remoteGlobalIDString = A67BBDD9293B56BC00312AAE;
			remoteInfo = landmark;
		};
		A67BBDF5293B56BE00312AAE /* PBXContainerItemProxy */ = {
			isa = PBXContainerItemProxy;
			containerPortal = A67BBDD2293B56BC00312AAE /* Project object */;
			proxyType = 1;
			remoteGlobalIDString = A67BBDD9293B56BC00312AAE;
			remoteInfo = landmark;
		};
/* End PBXContainerItemProxy section */

/* Begin PBXFileReference section */
		A67BBDDA293B56BC00312AAE /* landmark.app */ = {isa = PBXFileReference; explicitFileType = wrapper.application; includeInIndex = 0; path = landmark.app; sourceTree = BUILT_PRODUCTS_DIR; };
		A67BBDDD293B56BC00312AAE /* landmarkApp.swift */ = {isa = PBXFileReference; lastKnownFileType = sourcecode.swift; path = landmarkApp.swift; sourceTree = "<group>"; };
		A67BBDDF293B56BC00312AAE /* ContentView.swift */ = {isa = PBXFileReference; lastKnownFileType = sourcecode.swift; path = ContentView.swift; sourceTree = "<group>"; };
		A67BBDE1293B56BE00312AAE /* Assets.xcassets */ = {isa = PBXFileReference; lastKnownFileType = folder.assetcatalog; path = Assets.xcassets; sourceTree = "<group>"; };
		A67BBDE4293B56BE00312AAE /* Preview Assets.xcassets */ = {isa = PBXFileReference; lastKnownFileType = folder.assetcatalog; path = "Preview Assets.xcassets"; sourceTree = "<group>"; };
		A67BBDEA293B56BE00312AAE /* landmarkTests.xctest */ = {isa = PBXFileReference; explicitFileType = wrapper.cfbundle; includeInIndex = 0; path = landmarkTests.xctest; sourceTree = BUILT_PRODUCTS_DIR; };
		A67BBDEE293B56BE00312AAE /* landmarkTests.swift */ = {isa = PBXFileReference; lastKnownFileType = sourcecode.swift; path = landmarkTests.swift; sourceTree = "<group>"; };
		A67BBDF4293B56BE00312AAE /* landmarkUITests.xctest */ = {isa = PBXFileReference; explicitFileType = wrapper.cfbundle; includeInIndex = 0; path = landmarkUITests.xctest; sourceTree = BUILT_PRODUCTS_DIR; };
		A67BBDF8293B56BE00312AAE /* landmarkUITests.swift */ = {isa = PBXFileReference; lastKnownFileType = sourcecode.swift; path = landmarkUITests.swift; sourceTree = "<group>"; };
		A67BBDFA293B56BE00312AAE /* landmarkUITestsLaunchTests.swift */ = {isa = PBXFileReference; lastKnownFileType = sourcecode.swift; path = landmarkUITestsLaunchTests.swift; sourceTree = "<group>"; };
		A67BBE08293B573000312AAE /* landmarkData.json */ = {isa = PBXFileReference; fileEncoding = 4; lastKnownFileType = text.json; path = landmarkData.json; sourceTree = "<group>"; };
		A67BBE0A293B57B600312AAE /* Landmark.swift */ = {isa = PBXFileReference; lastKnownFileType = sourcecode.swift; path = Landmark.swift; sourceTree = "<group>"; };
		A67BBE23293B5C4C00312AAE /* ModelData.swift */ = {isa = PBXFileReference; lastKnownFileType = sourcecode.swift; path = ModelData.swift; sourceTree = "<group>"; };
		A67BBE28293B5F2700312AAE /* LandmarkRow.swift */ = {isa = PBXFileReference; lastKnownFileType = sourcecode.swift; path = LandmarkRow.swift; sourceTree = "<group>"; };
		A67BBE2A293B62A100312AAE /* LandmarkList.swift */ = {isa = PBXFileReference; lastKnownFileType = sourcecode.swift; path = LandmarkList.swift; sourceTree = "<group>"; };
		A67BBE2C293B647A00312AAE /* LandmarkDetail.swift */ = {isa = PBXFileReference; lastKnownFileType = sourcecode.swift; path = LandmarkDetail.swift; sourceTree = "<group>"; };
		A67BBE2E293B64E700312AAE /* MapView.swift */ = {isa = PBXFileReference; lastKnownFileType = sourcecode.swift; path = MapView.swift; sourceTree = "<group>"; };
		A67BBE30293B67C600312AAE /* CircleImage.swift */ = {isa = PBXFileReference; lastKnownFileType = sourcecode.swift; path = CircleImage.swift; sourceTree = "<group>"; };
		A67BBE34293B829B00312AAE /* LandmarkImage.swift */ = {isa = PBXFileReference; lastKnownFileType = sourcecode.swift; path = LandmarkImage.swift; sourceTree = "<group>"; };
		A67BBE3A293CC25300312AAE /* FavoriteButton.swift */ = {isa = PBXFileReference; lastKnownFileType = sourcecode.swift; path = FavoriteButton.swift; sourceTree = "<group>"; };
		A67BBE3E293CD84000312AAE /* AppInfo.swift */ = {isa = PBXFileReference; lastKnownFileType = sourcecode.swift; path = AppInfo.swift; sourceTree = "<group>"; };
		A67BBE42293CE9AD00312AAE /* HexagonParameters.swift */ = {isa = PBXFileReference; lastKnownFileType = sourcecode.swift; path = HexagonParameters.swift; sourceTree = "<group>"; };
		A67BBE44293CEE4D00312AAE /* BadgeBackground.swift */ = {isa = PBXFileReference; lastKnownFileType = sourcecode.swift; path = BadgeBackground.swift; sourceTree = "<group>"; };
		A67BBE46293CF64700312AAE /* BadgeSymbol.swift */ = {isa = PBXFileReference; lastKnownFileType = sourcecode.swift; path = BadgeSymbol.swift; sourceTree = "<group>"; };
		A67BBE48293D1B8600312AAE /* RotatedBadgeSymbol.swift */ = {isa = PBXFileReference; lastKnownFileType = sourcecode.swift; path = RotatedBadgeSymbol.swift; sourceTree = "<group>"; };
		A67BBE4A293D1CC900312AAE /* Badge.swift */ = {isa = PBXFileReference; lastKnownFileType = sourcecode.swift; path = Badge.swift; sourceTree = "<group>"; };
		A6F637FF2944BC1D00243EB6 /* CategoryHome.swift */ = {isa = PBXFileReference; lastKnownFileType = sourcecode.swift; path = CategoryHome.swift; sourceTree = "<group>"; };
		A6F638012944CB5400243EB6 /* CategoryRow.swift */ = {isa = PBXFileReference; lastKnownFileType = sourcecode.swift; path = CategoryRow.swift; sourceTree = "<group>"; };
		A6F638032944D44000243EB6 /* CategoryItem.swift */ = {isa = PBXFileReference; lastKnownFileType = sourcecode.swift; path = CategoryItem.swift; sourceTree = "<group>"; };
		A6FCF2F4294493FD00E9B749 /* hikeData.json */ = {isa = PBXFileReference; fileEncoding = 4; lastKnownFileType = text.json; path = hikeData.json; sourceTree = "<group>"; };
		A6FCF2F62944942600E9B749 /* Hike.swift */ = {isa = PBXFileReference; lastKnownFileType = sourcecode.swift; path = Hike.swift; sourceTree = "<group>"; };
		A6FCF2F929449A5A00E9B749 /* GraphCapsule.swift */ = {isa = PBXFileReference; fileEncoding = 4; lastKnownFileType = sourcecode.swift; path = GraphCapsule.swift; sourceTree = "<group>"; };
		A6FCF2FA29449A5A00E9B749 /* HikeGraph.swift */ = {isa = PBXFileReference; fileEncoding = 4; lastKnownFileType = sourcecode.swift; path = HikeGraph.swift; sourceTree = "<group>"; };
		A6FCF2FB29449A5A00E9B749 /* HikeDetail.swift */ = {isa = PBXFileReference; fileEncoding = 4; lastKnownFileType = sourcecode.swift; path = HikeDetail.swift; sourceTree = "<group>"; };
		A6FCF2FC29449A5A00E9B749 /* HikeView.swift */ = {isa = PBXFileReference; fileEncoding = 4; lastKnownFileType = sourcecode.swift; path = HikeView.swift; sourceTree = "<group>"; };
/* End PBXFileReference section */

/* Begin PBXFrameworksBuildPhase section */
		A67BBDD7293B56BC00312AAE /* Frameworks */ = {
			isa = PBXFrameworksBuildPhase;
			buildActionMask = 2147483647;
			files = (
			);
			runOnlyForDeploymentPostprocessing = 0;
		};
		A67BBDE7293B56BE00312AAE /* Frameworks */ = {
			isa = PBXFrameworksBuildPhase;
			buildActionMask = 2147483647;
			files = (
			);
			runOnlyForDeploymentPostprocessing = 0;
		};
		A67BBDF1293B56BE00312AAE /* Frameworks */ = {
			isa = PBXFrameworksBuildPhase;
			buildActionMask = 2147483647;
			files = (
			);
			runOnlyForDeploymentPostprocessing = 0;
		};
/* End PBXFrameworksBuildPhase section */

/* Begin PBXGroup section */
		A67BBDD1293B56BC00312AAE = {
			isa = PBXGroup;
			children = (
				A67BBDDC293B56BC00312AAE /* landmark */,
				A67BBDED293B56BE00312AAE /* landmarkTests */,
				A67BBDF7293B56BE00312AAE /* landmarkUITests */,
				A67BBDDB293B56BC00312AAE /* Products */,
			);
			sourceTree = "<group>";
		};
		A67BBDDB293B56BC00312AAE /* Products */ = {
			isa = PBXGroup;
			children = (
				A67BBDDA293B56BC00312AAE /* landmark.app */,
				A67BBDEA293B56BE00312AAE /* landmarkTests.xctest */,
				A67BBDF4293B56BE00312AAE /* landmarkUITests.xctest */,
			);
			name = Products;
			sourceTree = "<group>";
		};
		A67BBDDC293B56BC00312AAE /* landmark */ = {
			isa = PBXGroup;
			children = (
				A67BBE25293B5E2800312AAE /* Views */,
				A67BBE22293B5C3C00312AAE /* Models */,
				A67BBE07293B571300312AAE /* Resources */,
				A67BBDDD293B56BC00312AAE /* landmarkApp.swift */,
				A67BBDE1293B56BE00312AAE /* Assets.xcassets */,
				A67BBDE3293B56BE00312AAE /* Preview Content */,
			);
			path = landmark;
			sourceTree = "<group>";
		};
		A67BBDE3293B56BE00312AAE /* Preview Content */ = {
			isa = PBXGroup;
			children = (
				A67BBDE4293B56BE00312AAE /* Preview Assets.xcassets */,
			);
			path = "Preview Content";
			sourceTree = "<group>";
		};
		A67BBDED293B56BE00312AAE /* landmarkTests */ = {
			isa = PBXGroup;
			children = (
				A67BBDEE293B56BE00312AAE /* landmarkTests.swift */,
			);
			path = landmarkTests;
			sourceTree = "<group>";
		};
		A67BBDF7293B56BE00312AAE /* landmarkUITests */ = {
			isa = PBXGroup;
			children = (
				A67BBDF8293B56BE00312AAE /* landmarkUITests.swift */,
				A67BBDFA293B56BE00312AAE /* landmarkUITestsLaunchTests.swift */,
			);
			path = landmarkUITests;
			sourceTree = "<group>";
		};
		A67BBE07293B571300312AAE /* Resources */ = {
			isa = PBXGroup;
			children = (
				A6FCF2F4294493FD00E9B749 /* hikeData.json */,
				A67BBE08293B573000312AAE /* landmarkData.json */,
			);
			path = Resources;
			sourceTree = "<group>";
		};
		A67BBE22293B5C3C00312AAE /* Models */ = {
			isa = PBXGroup;
			children = (
				A67BBE0A293B57B600312AAE /* Landmark.swift */,
				A67BBE23293B5C4C00312AAE /* ModelData.swift */,
				A6FCF2F62944942600E9B749 /* Hike.swift */,
			);
			path = Models;
			sourceTree = "<group>";
		};
		A67BBE25293B5E2800312AAE /* Views */ = {
			isa = PBXGroup;
			children = (
				A6F637FE2944BC0400243EB6 /* Categories */,
				A6FCF2F829449A5A00E9B749 /* Hikes */,
				A67BBE4C293D1F3C00312AAE /* Badges */,
				A67BBE3D293CC3C100312AAE /* Landmarks */,
				A67BBE3C293CC3A700312AAE /* Helpers */,
				A67BBDDF293B56BC00312AAE /* ContentView.swift */,
			);
			path = Views;
			sourceTree = "<group>";
		};
		A67BBE3C293CC3A700312AAE /* Helpers */ = {
			isa = PBXGroup;
			children = (
				A67BBE2E293B64E700312AAE /* MapView.swift */,
				A67BBE30293B67C600312AAE /* CircleImage.swift */,
				A67BBE3A293CC25300312AAE /* FavoriteButton.swift */,
				A67BBE3E293CD84000312AAE /* AppInfo.swift */,
			);
			path = Helpers;
			sourceTree = "<group>";
		};
		A67BBE3D293CC3C100312AAE /* Landmarks */ = {
			isa = PBXGroup;
			children = (
				A67BBE28293B5F2700312AAE /* LandmarkRow.swift */,
				A67BBE2A293B62A100312AAE /* LandmarkList.swift */,
				A67BBE2C293B647A00312AAE /* LandmarkDetail.swift */,
				A67BBE34293B829B00312AAE /* LandmarkImage.swift */,
			);
			path = Landmarks;
			sourceTree = "<group>";
		};
		A67BBE4C293D1F3C00312AAE /* Badges */ = {
			isa = PBXGroup;
			children = (
				A67BBE42293CE9AD00312AAE /* HexagonParameters.swift */,
				A67BBE44293CEE4D00312AAE /* BadgeBackground.swift */,
				A67BBE46293CF64700312AAE /* BadgeSymbol.swift */,
				A67BBE48293D1B8600312AAE /* RotatedBadgeSymbol.swift */,
				A67BBE4A293D1CC900312AAE /* Badge.swift */,
			);
			path = Badges;
			sourceTree = "<group>";
		};
		A6F637FE2944BC0400243EB6 /* Categories */ = {
			isa = PBXGroup;
			children = (
				A6F637FF2944BC1D00243EB6 /* CategoryHome.swift */,
				A6F638012944CB5400243EB6 /* CategoryRow.swift */,
				A6F638032944D44000243EB6 /* CategoryItem.swift */,
			);
			path = Categories;
			sourceTree = "<group>";
		};
		A6FCF2F829449A5A00E9B749 /* Hikes */ = {
			isa = PBXGroup;
			children = (
				A6FCF2F929449A5A00E9B749 /* GraphCapsule.swift */,
				A6FCF2FA29449A5A00E9B749 /* HikeGraph.swift */,
				A6FCF2FB29449A5A00E9B749 /* HikeDetail.swift */,
				A6FCF2FC29449A5A00E9B749 /* HikeView.swift */,
			);
			path = Hikes;
			sourceTree = "<group>";
		};
/* End PBXGroup section */

/* Begin PBXNativeTarget section */
		A67BBDD9293B56BC00312AAE /* landmark */ = {
			isa = PBXNativeTarget;
			buildConfigurationList = A67BBDFE293B56BE00312AAE /* Build configuration list for PBXNativeTarget "landmark" */;
			buildPhases = (
				A67BBE32293B80AF00312AAE /* SwiftLint */,
				A67BBE33293B80D900312AAE /* SwiftFormat */,
				A67BBDD6293B56BC00312AAE /* Sources */,
				A67BBDD7293B56BC00312AAE /* Frameworks */,
				A67BBDD8293B56BC00312AAE /* Resources */,
			);
			buildRules = (
			);
			dependencies = (
			);
			name = landmark;
			productName = landmark;
			productReference = A67BBDDA293B56BC00312AAE /* landmark.app */;
			productType = "com.apple.product-type.application";
		};
		A67BBDE9293B56BE00312AAE /* landmarkTests */ = {
			isa = PBXNativeTarget;
			buildConfigurationList = A67BBE01293B56BE00312AAE /* Build configuration list for PBXNativeTarget "landmarkTests" */;
			buildPhases = (
				A67BBDE6293B56BE00312AAE /* Sources */,
				A67BBDE7293B56BE00312AAE /* Frameworks */,
				A67BBDE8293B56BE00312AAE /* Resources */,
			);
			buildRules = (
			);
			dependencies = (
				A67BBDEC293B56BE00312AAE /* PBXTargetDependency */,
			);
			name = landmarkTests;
			productName = landmarkTests;
			productReference = A67BBDEA293B56BE00312AAE /* landmarkTests.xctest */;
			productType = "com.apple.product-type.bundle.unit-test";
		};
		A67BBDF3293B56BE00312AAE /* landmarkUITests */ = {
			isa = PBXNativeTarget;
			buildConfigurationList = A67BBE04293B56BE00312AAE /* Build configuration list for PBXNativeTarget "landmarkUITests" */;
			buildPhases = (
				A67BBDF0293B56BE00312AAE /* Sources */,
				A67BBDF1293B56BE00312AAE /* Frameworks */,
				A67BBDF2293B56BE00312AAE /* Resources */,
			);
			buildRules = (
			);
			dependencies = (
				A67BBDF6293B56BE00312AAE /* PBXTargetDependency */,
			);
			name = landmarkUITests;
			productName = landmarkUITests;
			productReference = A67BBDF4293B56BE00312AAE /* landmarkUITests.xctest */;
			productType = "com.apple.product-type.bundle.ui-testing";
		};
/* End PBXNativeTarget section */

/* Begin PBXProject section */
		A67BBDD2293B56BC00312AAE /* Project object */ = {
			isa = PBXProject;
			attributes = {
				BuildIndependentTargetsInParallel = 1;
				LastSwiftUpdateCheck = 1410;
				LastUpgradeCheck = 1410;
				TargetAttributes = {
					A67BBDD9293B56BC00312AAE = {
						CreatedOnToolsVersion = 14.1;
					};
					A67BBDE9293B56BE00312AAE = {
						CreatedOnToolsVersion = 14.1;
						TestTargetID = A67BBDD9293B56BC00312AAE;
					};
					A67BBDF3293B56BE00312AAE = {
						CreatedOnToolsVersion = 14.1;
						TestTargetID = A67BBDD9293B56BC00312AAE;
					};
				};
			};
			buildConfigurationList = A67BBDD5293B56BC00312AAE /* Build configuration list for PBXProject "landmark" */;
			compatibilityVersion = "Xcode 14.0";
			developmentRegion = en;
			hasScannedForEncodings = 0;
			knownRegions = (
				en,
				Base,
			);
			mainGroup = A67BBDD1293B56BC00312AAE;
			productRefGroup = A67BBDDB293B56BC00312AAE /* Products */;
			projectDirPath = "";
			projectRoot = "";
			targets = (
				A67BBDD9293B56BC00312AAE /* landmark */,
				A67BBDE9293B56BE00312AAE /* landmarkTests */,
				A67BBDF3293B56BE00312AAE /* landmarkUITests */,
			);
		};
/* End PBXProject section */

/* Begin PBXResourcesBuildPhase section */
		A67BBDD8293B56BC00312AAE /* Resources */ = {
			isa = PBXResourcesBuildPhase;
			buildActionMask = 2147483647;
			files = (
				A6FCF2F5294493FD00E9B749 /* hikeData.json in Resources */,
				A67BBDE5293B56BE00312AAE /* Preview Assets.xcassets in Resources */,
				A67BBDE2293B56BE00312AAE /* Assets.xcassets in Resources */,
				A67BBE09293B573000312AAE /* landmarkData.json in Resources */,
			);
			runOnlyForDeploymentPostprocessing = 0;
		};
		A67BBDE8293B56BE00312AAE /* Resources */ = {
			isa = PBXResourcesBuildPhase;
			buildActionMask = 2147483647;
			files = (
			);
			runOnlyForDeploymentPostprocessing = 0;
		};
		A67BBDF2293B56BE00312AAE /* Resources */ = {
			isa = PBXResourcesBuildPhase;
			buildActionMask = 2147483647;
			files = (
			);
			runOnlyForDeploymentPostprocessing = 0;
		};
/* End PBXResourcesBuildPhase section */

/* Begin PBXShellScriptBuildPhase section */
		A67BBE32293B80AF00312AAE /* SwiftLint */ = {
			isa = PBXShellScriptBuildPhase;
			buildActionMask = 2147483647;
			files = (
			);
			inputFileListPaths = (
			);
			inputPaths = (
			);
			name = SwiftLint;
			outputFileListPaths = (
			);
			outputPaths = (
			);
			runOnlyForDeploymentPostprocessing = 0;
			shellPath = /bin/sh;
			shellScript = "# Type a script or drag a script file from your workspace to insert its path.\nexport PATH=\"$PATH:/opt/homebrew/bin\"\nif [ ! -f ~/com.raywenderlich.swiftlint.yml ]; then\n  echo \"warning: can't found config file ~/com.raywenderlich.swiftlint.yml\"\n  exit 0\nfi\nif which swiftlint > /dev/null; then\n    swiftlint --no-cache --config ~/com.raywenderlich.swiftlint.yml\nelse\n  echo \"warning: SwiftLint not installed, download from https://github.com/realm/SwiftLint\"\nfi\n";
		};
		A67BBE33293B80D900312AAE /* SwiftFormat */ = {
			isa = PBXShellScriptBuildPhase;
			buildActionMask = 2147483647;
			files = (
			);
			inputFileListPaths = (
			);
			inputPaths = (
			);
			name = SwiftFormat;
			outputFileListPaths = (
			);
			outputPaths = (
			);
			runOnlyForDeploymentPostprocessing = 0;
			shellPath = /bin/sh;
			shellScript = "# Type a script or drag a script file from your workspace to insert its path.\nexport PATH=\"$PATH:/opt/homebrew/bin\"\nif which swiftformat >/dev/null; then\n  swiftformat --lint --lenient .\nelse\n  echo \"warning: SwiftFormat not installed, download from https://github.com/nicklockwood/SwiftFormat\"\nfi\n";
		};
/* End PBXShellScriptBuildPhase section */

/* Begin PBXSourcesBuildPhase section */
		A67BBDD6293B56BC00312AAE /* Sources */ = {
			isa = PBXSourcesBuildPhase;
			buildActionMask = 2147483647;
			files = (
				A67BBDE0293B56BC00312AAE /* ContentView.swift in Sources */,
				A67BBE4B293D1CC900312AAE /* Badge.swift in Sources */,
				A67BBE2F293B64E700312AAE /* MapView.swift in Sources */,
				A67BBE2B293B62A100312AAE /* LandmarkList.swift in Sources */,
				A67BBE3B293CC25300312AAE /* FavoriteButton.swift in Sources */,
				A67BBE24293B5C4C00312AAE /* ModelData.swift in Sources */,
				A6FCF2F72944942600E9B749 /* Hike.swift in Sources */,
				A67BBE3F293CD84000312AAE /* AppInfo.swift in Sources */,
				A67BBDDE293B56BC00312AAE /* landmarkApp.swift in Sources */,
				A67BBE31293B67C600312AAE /* CircleImage.swift in Sources */,
				A6F638022944CB5400243EB6 /* CategoryRow.swift in Sources */,
				A67BBE47293CF64700312AAE /* BadgeSymbol.swift in Sources */,
				A6FCF2FF29449A5A00E9B749 /* HikeDetail.swift in Sources */,
				A67BBE29293B5F2700312AAE /* LandmarkRow.swift in Sources */,
				A6FCF30029449A5A00E9B749 /* HikeView.swift in Sources */,
				A67BBE45293CEE4D00312AAE /* BadgeBackground.swift in Sources */,
				A6FCF2FE29449A5A00E9B749 /* HikeGraph.swift in Sources */,
				A67BBE43293CE9AD00312AAE /* HexagonParameters.swift in Sources */,
				A6F638042944D44000243EB6 /* CategoryItem.swift in Sources */,
				A67BBE35293B829B00312AAE /* LandmarkImage.swift in Sources */,
				A67BBE0B293B57B600312AAE /* Landmark.swift in Sources */,
				A67BBE2D293B647A00312AAE /* LandmarkDetail.swift in Sources */,
				A6FCF2FD29449A5A00E9B749 /* GraphCapsule.swift in Sources */,
				A6F638002944BC1D00243EB6 /* CategoryHome.swift in Sources */,
				A67BBE49293D1B8600312AAE /* RotatedBadgeSymbol.swift in Sources */,
			);
			runOnlyForDeploymentPostprocessing = 0;
		};
		A67BBDE6293B56BE00312AAE /* Sources */ = {
			isa = PBXSourcesBuildPhase;
			buildActionMask = 2147483647;
			files = (
				A67BBDEF293B56BE00312AAE /* landmarkTests.swift in Sources */,
			);
			runOnlyForDeploymentPostprocessing = 0;
		};
		A67BBDF0293B56BE00312AAE /* Sources */ = {
			isa = PBXSourcesBuildPhase;
			buildActionMask = 2147483647;
			files = (
				A67BBDFB293B56BE00312AAE /* landmarkUITestsLaunchTests.swift in Sources */,
				A67BBDF9293B56BE00312AAE /* landmarkUITests.swift in Sources */,
			);
			runOnlyForDeploymentPostprocessing = 0;
		};
/* End PBXSourcesBuildPhase section */

/* Begin PBXTargetDependency section */
		A67BBDEC293B56BE00312AAE /* PBXTargetDependency */ = {
			isa = PBXTargetDependency;
			target = A67BBDD9293B56BC00312AAE /* landmark */;
			targetProxy = A67BBDEB293B56BE00312AAE /* PBXContainerItemProxy */;
		};
		A67BBDF6293B56BE00312AAE /* PBXTargetDependency */ = {
			isa = PBXTargetDependency;
			target = A67BBDD9293B56BC00312AAE /* landmark */;
			targetProxy = A67BBDF5293B56BE00312AAE /* PBXContainerItemProxy */;
		};
/* End PBXTargetDependency section */

/* Begin XCBuildConfiguration section */
		A67BBDFC293B56BE00312AAE /* Debug */ = {
			isa = XCBuildConfiguration;
			buildSettings = {
				ALWAYS_SEARCH_USER_PATHS = NO;
				CLANG_ANALYZER_NONNULL = YES;
				CLANG_ANALYZER_NUMBER_OBJECT_CONVERSION = YES_AGGRESSIVE;
				CLANG_CXX_LANGUAGE_STANDARD = "gnu++20";
				CLANG_ENABLE_MODULES = YES;
				CLANG_ENABLE_OBJC_ARC = YES;
				CLANG_ENABLE_OBJC_WEAK = YES;
				CLANG_WARN_BLOCK_CAPTURE_AUTORELEASING = YES;
				CLANG_WARN_BOOL_CONVERSION = YES;
				CLANG_WARN_COMMA = YES;
				CLANG_WARN_CONSTANT_CONVERSION = YES;
				CLANG_WARN_DEPRECATED_OBJC_IMPLEMENTATIONS = YES;
				CLANG_WARN_DIRECT_OBJC_ISA_USAGE = YES_ERROR;
				CLANG_WARN_DOCUMENTATION_COMMENTS = YES;
				CLANG_WARN_EMPTY_BODY = YES;
				CLANG_WARN_ENUM_CONVERSION = YES;
				CLANG_WARN_INFINITE_RECURSION = YES;
				CLANG_WARN_INT_CONVERSION = YES;
				CLANG_WARN_NON_LITERAL_NULL_CONVERSION = YES;
				CLANG_WARN_OBJC_IMPLICIT_RETAIN_SELF = YES;
				CLANG_WARN_OBJC_LITERAL_CONVERSION = YES;
				CLANG_WARN_OBJC_ROOT_CLASS = YES_ERROR;
				CLANG_WARN_QUOTED_INCLUDE_IN_FRAMEWORK_HEADER = YES;
				CLANG_WARN_RANGE_LOOP_ANALYSIS = YES;
				CLANG_WARN_STRICT_PROTOTYPES = YES;
				CLANG_WARN_SUSPICIOUS_MOVE = YES;
				CLANG_WARN_UNGUARDED_AVAILABILITY = YES_AGGRESSIVE;
				CLANG_WARN_UNREACHABLE_CODE = YES;
				CLANG_WARN__DUPLICATE_METHOD_MATCH = YES;
				COPY_PHASE_STRIP = NO;
				DEBUG_INFORMATION_FORMAT = dwarf;
				ENABLE_STRICT_OBJC_MSGSEND = YES;
				ENABLE_TESTABILITY = YES;
				GCC_C_LANGUAGE_STANDARD = gnu11;
				GCC_DYNAMIC_NO_PIC = NO;
				GCC_NO_COMMON_BLOCKS = YES;
				GCC_OPTIMIZATION_LEVEL = 0;
				GCC_PREPROCESSOR_DEFINITIONS = (
					"DEBUG=1",
					"$(inherited)",
				);
				GCC_WARN_64_TO_32_BIT_CONVERSION = YES;
				GCC_WARN_ABOUT_RETURN_TYPE = YES_ERROR;
				GCC_WARN_UNDECLARED_SELECTOR = YES;
				GCC_WARN_UNINITIALIZED_AUTOS = YES_AGGRESSIVE;
				GCC_WARN_UNUSED_FUNCTION = YES;
				GCC_WARN_UNUSED_VARIABLE = YES;
				IPHONEOS_DEPLOYMENT_TARGET = 16.1;
				MTL_ENABLE_DEBUG_INFO = INCLUDE_SOURCE;
				MTL_FAST_MATH = YES;
				ONLY_ACTIVE_ARCH = YES;
				SDKROOT = iphoneos;
				SWIFT_ACTIVE_COMPILATION_CONDITIONS = DEBUG;
				SWIFT_OPTIMIZATION_LEVEL = "-Onone";
			};
			name = Debug;
		};
		A67BBDFD293B56BE00312AAE /* Release */ = {
			isa = XCBuildConfiguration;
			buildSettings = {
				ALWAYS_SEARCH_USER_PATHS = NO;
				CLANG_ANALYZER_NONNULL = YES;
				CLANG_ANALYZER_NUMBER_OBJECT_CONVERSION = YES_AGGRESSIVE;
				CLANG_CXX_LANGUAGE_STANDARD = "gnu++20";
				CLANG_ENABLE_MODULES = YES;
				CLANG_ENABLE_OBJC_ARC = YES;
				CLANG_ENABLE_OBJC_WEAK = YES;
				CLANG_WARN_BLOCK_CAPTURE_AUTORELEASING = YES;
				CLANG_WARN_BOOL_CONVERSION = YES;
				CLANG_WARN_COMMA = YES;
				CLANG_WARN_CONSTANT_CONVERSION = YES;
				CLANG_WARN_DEPRECATED_OBJC_IMPLEMENTATIONS = YES;
				CLANG_WARN_DIRECT_OBJC_ISA_USAGE = YES_ERROR;
				CLANG_WARN_DOCUMENTATION_COMMENTS = YES;
				CLANG_WARN_EMPTY_BODY = YES;
				CLANG_WARN_ENUM_CONVERSION = YES;
				CLANG_WARN_INFINITE_RECURSION = YES;
				CLANG_WARN_INT_CONVERSION = YES;
				CLANG_WARN_NON_LITERAL_NULL_CONVERSION = YES;
				CLANG_WARN_OBJC_IMPLICIT_RETAIN_SELF = YES;
				CLANG_WARN_OBJC_LITERAL_CONVERSION = YES;
				CLANG_WARN_OBJC_ROOT_CLASS = YES_ERROR;
				CLANG_WARN_QUOTED_INCLUDE_IN_FRAMEWORK_HEADER = YES;
				CLANG_WARN_RANGE_LOOP_ANALYSIS = YES;
				CLANG_WARN_STRICT_PROTOTYPES = YES;
				CLANG_WARN_SUSPICIOUS_MOVE = YES;
				CLANG_WARN_UNGUARDED_AVAILABILITY = YES_AGGRESSIVE;
				CLANG_WARN_UNREACHABLE_CODE = YES;
				CLANG_WARN__DUPLICATE_METHOD_MATCH = YES;
				COPY_PHASE_STRIP = NO;
				DEBUG_INFORMATION_FORMAT = "dwarf-with-dsym";
				ENABLE_NS_ASSERTIONS = NO;
				ENABLE_STRICT_OBJC_MSGSEND = YES;
				GCC_C_LANGUAGE_STANDARD = gnu11;
				GCC_NO_COMMON_BLOCKS = YES;
				GCC_WARN_64_TO_32_BIT_CONVERSION = YES;
				GCC_WARN_ABOUT_RETURN_TYPE = YES_ERROR;
				GCC_WARN_UNDECLARED_SELECTOR = YES;
				GCC_WARN_UNINITIALIZED_AUTOS = YES_AGGRESSIVE;
				GCC_WARN_UNUSED_FUNCTION = YES;
				GCC_WARN_UNUSED_VARIABLE = YES;
				IPHONEOS_DEPLOYMENT_TARGET = 16.1;
				MTL_ENABLE_DEBUG_INFO = NO;
				MTL_FAST_MATH = YES;
				SDKROOT = iphoneos;
				SWIFT_COMPILATION_MODE = wholemodule;
				SWIFT_OPTIMIZATION_LEVEL = "-O";
				VALIDATE_PRODUCT = YES;
			};
			name = Release;
		};
		A67BBDFF293B56BE00312AAE /* Debug */ = {
			isa = XCBuildConfiguration;
			buildSettings = {
				ASSETCATALOG_COMPILER_APPICON_NAME = AppIcon;
				ASSETCATALOG_COMPILER_GLOBAL_ACCENT_COLOR_NAME = AccentColor;
				CODE_SIGN_STYLE = Automatic;
				CURRENT_PROJECT_VERSION = 100;
				DEVELOPMENT_ASSET_PATHS = "\"landmark/Preview Content\"";
				ENABLE_PREVIEWS = YES;
				GENERATE_INFOPLIST_FILE = YES;
				INFOPLIST_KEY_UIApplicationSceneManifest_Generation = YES;
				INFOPLIST_KEY_UIApplicationSupportsIndirectInputEvents = YES;
				INFOPLIST_KEY_UILaunchScreen_Generation = YES;
				INFOPLIST_KEY_UISupportedInterfaceOrientations_iPad = "UIInterfaceOrientationPortrait UIInterfaceOrientationPortraitUpsideDown UIInterfaceOrientationLandscapeLeft UIInterfaceOrientationLandscapeRight";
				INFOPLIST_KEY_UISupportedInterfaceOrientations_iPhone = "UIInterfaceOrientationPortrait UIInterfaceOrientationLandscapeLeft UIInterfaceOrientationLandscapeRight";
				LD_RUNPATH_SEARCH_PATHS = (
					"$(inherited)",
					"@executable_path/Frameworks",
				);
				MARKETING_VERSION = 1.1;
				PRODUCT_BUNDLE_IDENTIFIER = com.fonov.landmark;
				PRODUCT_NAME = "$(TARGET_NAME)";
				SWIFT_EMIT_LOC_STRINGS = YES;
				SWIFT_VERSION = 5.0;
				TARGETED_DEVICE_FAMILY = "1,2";
			};
			name = Debug;
		};
		A67BBE00293B56BE00312AAE /* Release */ = {
			isa = XCBuildConfiguration;
			buildSettings = {
				ASSETCATALOG_COMPILER_APPICON_NAME = AppIcon;
				ASSETCATALOG_COMPILER_GLOBAL_ACCENT_COLOR_NAME = AccentColor;
				CODE_SIGN_STYLE = Automatic;
				CURRENT_PROJECT_VERSION = 100;
				DEVELOPMENT_ASSET_PATHS = "\"landmark/Preview Content\"";
				ENABLE_PREVIEWS = YES;
				GENERATE_INFOPLIST_FILE = YES;
				INFOPLIST_KEY_UIApplicationSceneManifest_Generation = YES;
				INFOPLIST_KEY_UIApplicationSupportsIndirectInputEvents = YES;
				INFOPLIST_KEY_UILaunchScreen_Generation = YES;
				INFOPLIST_KEY_UISupportedInterfaceOrientations_iPad = "UIInterfaceOrientationPortrait UIInterfaceOrientationPortraitUpsideDown UIInterfaceOrientationLandscapeLeft UIInterfaceOrientationLandscapeRight";
				INFOPLIST_KEY_UISupportedInterfaceOrientations_iPhone = "UIInterfaceOrientationPortrait UIInterfaceOrientationLandscapeLeft UIInterfaceOrientationLandscapeRight";
				LD_RUNPATH_SEARCH_PATHS = (
					"$(inherited)",
					"@executable_path/Frameworks",
				);
				MARKETING_VERSION = 1.1;
				PRODUCT_BUNDLE_IDENTIFIER = com.fonov.landmark;
				PRODUCT_NAME = "$(TARGET_NAME)";
				SWIFT_EMIT_LOC_STRINGS = YES;
				SWIFT_VERSION = 5.0;
				TARGETED_DEVICE_FAMILY = "1,2";
			};
			name = Release;
		};
		A67BBE02293B56BE00312AAE /* Debug */ = {
			isa = XCBuildConfiguration;
			buildSettings = {
				ALWAYS_EMBED_SWIFT_STANDARD_LIBRARIES = YES;
				BUNDLE_LOADER = "$(TEST_HOST)";
				CODE_SIGN_STYLE = Automatic;
				CURRENT_PROJECT_VERSION = 1;
				GENERATE_INFOPLIST_FILE = YES;
				IPHONEOS_DEPLOYMENT_TARGET = 16.1;
				MARKETING_VERSION = 1.0;
				PRODUCT_BUNDLE_IDENTIFIER = com.fonov.landmarkTests;
				PRODUCT_NAME = "$(TARGET_NAME)";
				SWIFT_EMIT_LOC_STRINGS = NO;
				SWIFT_VERSION = 5.0;
				TARGETED_DEVICE_FAMILY = "1,2";
				TEST_HOST = "$(BUILT_PRODUCTS_DIR)/landmark.app/$(BUNDLE_EXECUTABLE_FOLDER_PATH)/landmark";
			};
			name = Debug;
		};
		A67BBE03293B56BE00312AAE /* Release */ = {
			isa = XCBuildConfiguration;
			buildSettings = {
				ALWAYS_EMBED_SWIFT_STANDARD_LIBRARIES = YES;
				BUNDLE_LOADER = "$(TEST_HOST)";
				CODE_SIGN_STYLE = Automatic;
				CURRENT_PROJECT_VERSION = 1;
				GENERATE_INFOPLIST_FILE = YES;
				IPHONEOS_DEPLOYMENT_TARGET = 16.1;
				MARKETING_VERSION = 1.0;
				PRODUCT_BUNDLE_IDENTIFIER = com.fonov.landmarkTests;
				PRODUCT_NAME = "$(TARGET_NAME)";
				SWIFT_EMIT_LOC_STRINGS = NO;
				SWIFT_VERSION = 5.0;
				TARGETED_DEVICE_FAMILY = "1,2";
				TEST_HOST = "$(BUILT_PRODUCTS_DIR)/landmark.app/$(BUNDLE_EXECUTABLE_FOLDER_PATH)/landmark";
			};
			name = Release;
		};
		A67BBE05293B56BE00312AAE /* Debug */ = {
			isa = XCBuildConfiguration;
			buildSettings = {
				ALWAYS_EMBED_SWIFT_STANDARD_LIBRARIES = YES;
				CODE_SIGN_STYLE = Automatic;
				CURRENT_PROJECT_VERSION = 1;
				GENERATE_INFOPLIST_FILE = YES;
				MARKETING_VERSION = 1.0;
				PRODUCT_BUNDLE_IDENTIFIER = com.fonov.landmarkUITests;
				PRODUCT_NAME = "$(TARGET_NAME)";
				SWIFT_EMIT_LOC_STRINGS = NO;
				SWIFT_VERSION = 5.0;
				TARGETED_DEVICE_FAMILY = "1,2";
				TEST_TARGET_NAME = landmark;
			};
			name = Debug;
		};
		A67BBE06293B56BE00312AAE /* Release */ = {
			isa = XCBuildConfiguration;
			buildSettings = {
				ALWAYS_EMBED_SWIFT_STANDARD_LIBRARIES = YES;
				CODE_SIGN_STYLE = Automatic;
				CURRENT_PROJECT_VERSION = 1;
				GENERATE_INFOPLIST_FILE = YES;
				MARKETING_VERSION = 1.0;
				PRODUCT_BUNDLE_IDENTIFIER = com.fonov.landmarkUITests;
				PRODUCT_NAME = "$(TARGET_NAME)";
				SWIFT_EMIT_LOC_STRINGS = NO;
				SWIFT_VERSION = 5.0;
				TARGETED_DEVICE_FAMILY = "1,2";
				TEST_TARGET_NAME = landmark;
			};
			name = Release;
		};
/* End XCBuildConfiguration section */

/* Begin XCConfigurationList section */
		A67BBDD5293B56BC00312AAE /* Build configuration list for PBXProject "landmark" */ = {
			isa = XCConfigurationList;
			buildConfigurations = (
				A67BBDFC293B56BE00312AAE /* Debug */,
				A67BBDFD293B56BE00312AAE /* Release */,
			);
			defaultConfigurationIsVisible = 0;
			defaultConfigurationName = Release;
		};
		A67BBDFE293B56BE00312AAE /* Build configuration list for PBXNativeTarget "landmark" */ = {
			isa = XCConfigurationList;
			buildConfigurations = (
				A67BBDFF293B56BE00312AAE /* Debug */,
				A67BBE00293B56BE00312AAE /* Release */,
			);
			defaultConfigurationIsVisible = 0;
			defaultConfigurationName = Release;
		};
		A67BBE01293B56BE00312AAE /* Build configuration list for PBXNativeTarget "landmarkTests" */ = {
			isa = XCConfigurationList;
			buildConfigurations = (
				A67BBE02293B56BE00312AAE /* Debug */,
				A67BBE03293B56BE00312AAE /* Release */,
			);
			defaultConfigurationIsVisible = 0;
			defaultConfigurationName = Release;
		};
		A67BBE04293B56BE00312AAE /* Build configuration list for PBXNativeTarget "landmarkUITests" */ = {
			isa = XCConfigurationList;
			buildConfigurations = (
				A67BBE05293B56BE00312AAE /* Debug */,
				A67BBE06293B56BE00312AAE /* Release */,
			);
			defaultConfigurationIsVisible = 0;
			defaultConfigurationName = Release;
		};
/* End XCConfigurationList section */
	};
	rootObject = A67BBDD2293B56BC00312AAE /* Project object */;
}
